
Microsoft Visual Studio Solution File, Format Version 12.00
# Visual Studio 15
VisualStudioVersion = 15.0.27130.2027
MinimumVisualStudioVersion = 10.0.40219.1
Project("{FAE04EC0-301F-11D3-BF4B-00C04F79EFBC}") = "FacadePattern", "FasadePattern\FacadePattern.csproj", "{D71FCBD4-A0C7-4D3F-B8E9-C3304BB560EF}"
EndProject
Global
	GlobalSection(SolutionConfigurationPlatforms) = preSolution
		Debug|Any CPU = Debug|Any CPU
		Release|Any CPU = Release|Any CPU
	EndGlobalSection
	GlobalSection(ProjectConfigurationPlatforms) = postSolution
		{D71FCBD4-A0C7-4D3F-B8E9-C3304BB560EF}.Debug|Any CPU.ActiveCfg = Debug|Any CPU
		{D71FCBD4-A0C7-4D3F-B8E9-C3304BB560EF}.Debug|Any CPU.Build.0 = Debug|Any CPU
		{D71FCBD4-A0C7-4D3F-B8E9-C3304BB560EF}.Release|Any CPU.ActiveCfg = Release|Any CPU
		{D71FCBD4-A0C7-4D3F-B8E9-C3304BB560EF}.Release|Any CPU.Build.0 = Release|Any CPU
	EndGlobalSection
	GlobalSection(SolutionProperties) = preSolution
		HideSolutionNode = FALSE
	EndGlobalSection
	GlobalSection(ExtensibilityGlobals) = postSolution
		SolutionGuid = {7C038983-8591-4819-A320-F5F117D6A5FB}
	EndGlobalSection
EndGlobal
