
Microsoft Visual Studio Solution File, Format Version 12.00
# Visual Studio 15
VisualStudioVersion = 15.0.27428.2011
MinimumVisualStudioVersion = 10.0.40219.1
Project("{FAE04EC0-301F-11D3-BF4B-00C04F79EFBC}") = "PatternMatching", "PatternMatching\PatternMatching.csproj", "{674645C9-0D32-4B1E-938C-15529AADADE5}"
EndProject
Global
	GlobalSection(SolutionConfigurationPlatforms) = preSolution
		Debug|Any CPU = Debug|Any CPU
		Release|Any CPU = Release|Any CPU
	EndGlobalSection
	GlobalSection(ProjectConfigurationPlatforms) = postSolution
		{674645C9-0D32-4B1E-938C-15529AADADE5}.Debug|Any CPU.ActiveCfg = Debug|Any CPU
		{674645C9-0D32-4B1E-938C-15529AADADE5}.Debug|Any CPU.Build.0 = Debug|Any CPU
		{674645C9-0D32-4B1E-938C-15529AADADE5}.Release|Any CPU.ActiveCfg = Release|Any CPU
		{674645C9-0D32-4B1E-938C-15529AADADE5}.Release|Any CPU.Build.0 = Release|Any CPU
	EndGlobalSection
	GlobalSection(SolutionProperties) = preSolution
		HideSolutionNode = FALSE
	EndGlobalSection
	GlobalSection(ExtensibilityGlobals) = postSolution
		SolutionGuid = {61D21D36-00CE-41D9-84F8-CABB5B9F4120}
	EndGlobalSection
EndGlobal
