
Microsoft Visual Studio Solution File, Format Version 12.00
# Visual Studio 15
VisualStudioVersion = 15.0.27703.2000
MinimumVisualStudioVersion = 10.0.40219.1
Project("{FAE04EC0-301F-11D3-BF4B-00C04F79EFBC}") = "oYuN", "oYuN\oYuN.csproj", "{95482386-A1A3-4738-931C-4FCBF3E7AFB1}"
EndProject
Global
	GlobalSection(SolutionConfigurationPlatforms) = preSolution
		Debug|Any CPU = Debug|Any CPU
		Release|Any CPU = Release|Any CPU
	EndGlobalSection
	GlobalSection(ProjectConfigurationPlatforms) = postSolution
		{95482386-A1A3-4738-931C-4FCBF3E7AFB1}.Debug|Any CPU.ActiveCfg = Debug|Any CPU
		{95482386-A1A3-4738-931C-4FCBF3E7AFB1}.Debug|Any CPU.Build.0 = Debug|Any CPU
		{95482386-A1A3-4738-931C-4FCBF3E7AFB1}.Release|Any CPU.ActiveCfg = Release|Any CPU
		{95482386-A1A3-4738-931C-4FCBF3E7AFB1}.Release|Any CPU.Build.0 = Release|Any CPU
	EndGlobalSection
	GlobalSection(SolutionProperties) = preSolution
		HideSolutionNode = FALSE
	EndGlobalSection
	GlobalSection(ExtensibilityGlobals) = postSolution
		SolutionGuid = {BAD4DE65-DC8A-4366-8F0A-E9710AA6D4C0}
	EndGlobalSection
EndGlobal
