
Microsoft Visual Studio Solution File, Format Version 11.00
# Visual Studio 10
Project("{FAE04EC0-301F-11D3-BF4B-00C04F79EFBC}") = "Dgn_Calculator 1.0", "Dgn_Calculator 1.0\Dgn_Calculator 1.0.csproj", "{3C188F33-C42B-41D6-95F1-1B09B96E83A4}"
EndProject
Global
	GlobalSection(SolutionConfigurationPlatforms) = preSolution
		Debug|Any CPU = Debug|Any CPU
		Release|Any CPU = Release|Any CPU
	EndGlobalSection
	GlobalSection(ProjectConfigurationPlatforms) = postSolution
		{3C188F33-C42B-41D6-95F1-1B09B96E83A4}.Debug|Any CPU.ActiveCfg = Debug|Any CPU
		{3C188F33-C42B-41D6-95F1-1B09B96E83A4}.Debug|Any CPU.Build.0 = Debug|Any CPU
		{3C188F33-C42B-41D6-95F1-1B09B96E83A4}.Release|Any CPU.ActiveCfg = Release|Any CPU
		{3C188F33-C42B-41D6-95F1-1B09B96E83A4}.Release|Any CPU.Build.0 = Release|Any CPU
	EndGlobalSection
	GlobalSection(SolutionProperties) = preSolution
		HideSolutionNode = FALSE
	EndGlobalSection
EndGlobal
