
Microsoft Visual Studio Solution File, Format Version 12.00
# Visual Studio 14
VisualStudioVersion = 14.0.23107.0
MinimumVisualStudioVersion = 10.0.40219.1
Project("{FAE04EC0-301F-11D3-BF4B-00C04F79EFBC}") = "ErisimBelirleyiciler", "ErisimBelirleyiciler.csproj", "{7F57930E-55BC-4EEB-B46E-EEF725B4F938}"
EndProject
Project("{FAE04EC0-301F-11D3-BF4B-00C04F79EFBC}") = "SinifKutuphanesi", "..\SinifKutuphanesi\SinifKutuphanesi.csproj", "{B58B744F-DA2E-4A66-A5D8-F29D3FEBD629}"
EndProject
Global
	GlobalSection(SolutionConfigurationPlatforms) = preSolution
		Debug|Any CPU = Debug|Any CPU
		Release|Any CPU = Release|Any CPU
	EndGlobalSection
	GlobalSection(ProjectConfigurationPlatforms) = postSolution
		{7F57930E-55BC-4EEB-B46E-EEF725B4F938}.Debug|Any CPU.ActiveCfg = Debug|Any CPU
		{7F57930E-55BC-4EEB-B46E-EEF725B4F938}.Debug|Any CPU.Build.0 = Debug|Any CPU
		{7F57930E-55BC-4EEB-B46E-EEF725B4F938}.Release|Any CPU.ActiveCfg = Release|Any CPU
		{7F57930E-55BC-4EEB-B46E-EEF725B4F938}.Release|Any CPU.Build.0 = Release|Any CPU
		{B58B744F-DA2E-4A66-A5D8-F29D3FEBD629}.Debug|Any CPU.ActiveCfg = Debug|Any CPU
		{B58B744F-DA2E-4A66-A5D8-F29D3FEBD629}.Debug|Any CPU.Build.0 = Debug|Any CPU
		{B58B744F-DA2E-4A66-A5D8-F29D3FEBD629}.Release|Any CPU.ActiveCfg = Release|Any CPU
		{B58B744F-DA2E-4A66-A5D8-F29D3FEBD629}.Release|Any CPU.Build.0 = Release|Any CPU
	EndGlobalSection
	GlobalSection(SolutionProperties) = preSolution
		HideSolutionNode = FALSE
	EndGlobalSection
EndGlobal
