
Microsoft Visual Studio Solution File, Format Version 12.00
# Visual Studio 15
VisualStudioVersion = 15.0.27703.2026
MinimumVisualStudioVersion = 10.0.40219.1
Project("{FAE04EC0-301F-11D3-BF4B-00C04F79EFBC}") = "1-Singleton-Desing-Pattern", "1-Singleton-Desing-Pattern\1-Singleton-Desing-Pattern.csproj", "{8C2C1294-30F5-46FD-A1E7-272D66C0D5E9}"
EndProject
Project("{FAE04EC0-301F-11D3-BF4B-00C04F79EFBC}") = "2-Factory-Method-Desing-Pattern", "2-Factory-Method-Desing-Pattern\2-Factory-Method-Desing-Pattern.csproj", "{53E531D7-80F5-49D3-B1EF-E891CBFF37FF}"
EndProject
Global
	GlobalSection(SolutionConfigurationPlatforms) = preSolution
		Debug|Any CPU = Debug|Any CPU
		Release|Any CPU = Release|Any CPU
	EndGlobalSection
	GlobalSection(ProjectConfigurationPlatforms) = postSolution
		{8C2C1294-30F5-46FD-A1E7-272D66C0D5E9}.Debug|Any CPU.ActiveCfg = Debug|Any CPU
		{8C2C1294-30F5-46FD-A1E7-272D66C0D5E9}.Debug|Any CPU.Build.0 = Debug|Any CPU
		{8C2C1294-30F5-46FD-A1E7-272D66C0D5E9}.Release|Any CPU.ActiveCfg = Release|Any CPU
		{8C2C1294-30F5-46FD-A1E7-272D66C0D5E9}.Release|Any CPU.Build.0 = Release|Any CPU
		{53E531D7-80F5-49D3-B1EF-E891CBFF37FF}.Debug|Any CPU.ActiveCfg = Debug|Any CPU
		{53E531D7-80F5-49D3-B1EF-E891CBFF37FF}.Debug|Any CPU.Build.0 = Debug|Any CPU
		{53E531D7-80F5-49D3-B1EF-E891CBFF37FF}.Release|Any CPU.ActiveCfg = Release|Any CPU
		{53E531D7-80F5-49D3-B1EF-E891CBFF37FF}.Release|Any CPU.Build.0 = Release|Any CPU
	EndGlobalSection
	GlobalSection(SolutionProperties) = preSolution
		HideSolutionNode = FALSE
	EndGlobalSection
	GlobalSection(ExtensibilityGlobals) = postSolution
		SolutionGuid = {DD52950A-C80D-4A97-96D8-81D7436D95F3}
	EndGlobalSection
EndGlobal
