
Microsoft Visual Studio Solution File, Format Version 12.00
# Visual Studio 15
VisualStudioVersion = 15.0.27428.2011
MinimumVisualStudioVersion = 10.0.40219.1
Project("{FAE04EC0-301F-11D3-BF4B-00C04F79EFBC}") = "RefLocal-RefReturns", "RefLocal-RefReturns\RefLocal-RefReturns.csproj", "{FA4DE6E4-D2C3-4FAF-B7AC-F753EDF781AE}"
EndProject
Global
	GlobalSection(SolutionConfigurationPlatforms) = preSolution
		Debug|Any CPU = Debug|Any CPU
		Release|Any CPU = Release|Any CPU
	EndGlobalSection
	GlobalSection(ProjectConfigurationPlatforms) = postSolution
		{FA4DE6E4-D2C3-4FAF-B7AC-F753EDF781AE}.Debug|Any CPU.ActiveCfg = Debug|Any CPU
		{FA4DE6E4-D2C3-4FAF-B7AC-F753EDF781AE}.Debug|Any CPU.Build.0 = Debug|Any CPU
		{FA4DE6E4-D2C3-4FAF-B7AC-F753EDF781AE}.Release|Any CPU.ActiveCfg = Release|Any CPU
		{FA4DE6E4-D2C3-4FAF-B7AC-F753EDF781AE}.Release|Any CPU.Build.0 = Release|Any CPU
	EndGlobalSection
	GlobalSection(SolutionProperties) = preSolution
		HideSolutionNode = FALSE
	EndGlobalSection
	GlobalSection(ExtensibilityGlobals) = postSolution
		SolutionGuid = {CE56B6CE-54C2-4D41-B03B-B741C030E9D8}
	EndGlobalSection
EndGlobal
